
Microsoft Visual Studio Solution File, Format Version 12.00
# Visual Studio Version 17
VisualStudioVersion = 17.13.35806.99 d17.13
MinimumVisualStudioVersion = 10.0.40219.1
Project("{FAE04EC0-301F-11D3-BF4B-00C04F79EFBC}") = "WoterMark", "WoterMark.csproj", "{9A057E32-C499-2A22-A952-66C9311EE862}"
EndProject
Global
	GlobalSection(SolutionConfigurationPlatforms) = preSolution
		Debug|Any CPU = Debug|Any CPU
		Release|Any CPU = Release|Any CPU
	EndGlobalSection
	GlobalSection(ProjectConfigurationPlatforms) = postSolution
		{9A057E32-C499-2A22-A952-66C9311EE862}.Debug|Any CPU.ActiveCfg = Debug|Any CPU
		{9A057E32-C499-2A22-A952-66C9311EE862}.Debug|Any CPU.Build.0 = Debug|Any CPU
		{9A057E32-C499-2A22-A952-66C9311EE862}.Release|Any CPU.ActiveCfg = Release|Any CPU
		{9A057E32-C499-2A22-A952-66C9311EE862}.Release|Any CPU.Build.0 = Release|Any CPU
	EndGlobalSection
	GlobalSection(SolutionProperties) = preSolution
		HideSolutionNode = FALSE
	EndGlobalSection
	GlobalSection(ExtensibilityGlobals) = postSolution
		SolutionGuid = {21E0CDF3-C824-4FE1-9AAF-3FE2168941B9}
	EndGlobalSection
EndGlobal
